// !$*UTF8*$!
{
	archiveVersion = 1;
	classes = {
	};
	objectVersion = 50;
	objects = {

/* Begin PBXBuildFile section */
		7572FD3220C933F3008D77AD /* Linter.swift in Sources */ = {isa = PBXBuildFile; fileRef = 7572FD3120C933F3008D77AD /* Linter.swift */; };
		7572FD3520C939D5008D77AD /* String+Path.swift in Sources */ = {isa = PBXBuildFile; fileRef = 7572FD3420C939D5008D77AD /* String+Path.swift */; };
		7572FD3720C94108008D77AD /* Stack.swift in Sources */ = {isa = PBXBuildFile; fileRef = 7572FD3620C94108008D77AD /* Stack.swift */; };
		7572FD3C20C95E73008D77AD /* FileTreeWalker.swift in Sources */ = {isa = PBXBuildFile; fileRef = 7572FD3B20C95E73008D77AD /* FileTreeWalker.swift */; };
		7572FD3E20C95FB1008D77AD /* SwiftFileTreeWalker.swift in Sources */ = {isa = PBXBuildFile; fileRef = 7572FD3D20C95FB1008D77AD /* SwiftFileTreeWalker.swift */; };
		75FCF23120C92419000AB0B1 /* main.swift in Sources */ = {isa = PBXBuildFile; fileRef = 75FCF23020C92419000AB0B1 /* main.swift */; };
/* End PBXBuildFile section */

/* Begin PBXCopyFilesBuildPhase section */
		75FCF22B20C92419000AB0B1 /* CopyFiles */ = {
			isa = PBXCopyFilesBuildPhase;
			buildActionMask = 2147483647;
			dstPath = /usr/share/man/man1/;
			dstSubfolderSpec = 0;
			files = (
			);
			runOnlyForDeploymentPostprocessing = 1;
		};
/* End PBXCopyFilesBuildPhase section */

/* Begin PBXFileReference section */
		7572FD3120C933F3008D77AD /* Linter.swift */ = {isa = PBXFileReference; lastKnownFileType = sourcecode.swift; path = Linter.swift; sourceTree = "<group>"; };
		7572FD3420C939D5008D77AD /* String+Path.swift */ = {isa = PBXFileReference; lastKnownFileType = sourcecode.swift; path = "String+Path.swift"; sourceTree = "<group>"; };
		7572FD3620C94108008D77AD /* Stack.swift */ = {isa = PBXFileReference; lastKnownFileType = sourcecode.swift; path = Stack.swift; sourceTree = "<group>"; };
		7572FD3B20C95E73008D77AD /* FileTreeWalker.swift */ = {isa = PBXFileReference; lastKnownFileType = sourcecode.swift; path = FileTreeWalker.swift; sourceTree = "<group>"; };
		7572FD3D20C95FB1008D77AD /* SwiftFileTreeWalker.swift */ = {isa = PBXFileReference; lastKnownFileType = sourcecode.swift; path = SwiftFileTreeWalker.swift; sourceTree = "<group>"; };
		75FCF22D20C92419000AB0B1 /* ifmo-swift-static-analyzer */ = {isa = PBXFileReference; explicitFileType = "compiled.mach-o.executable"; includeInIndex = 0; path = "ifmo-swift-static-analyzer"; sourceTree = BUILT_PRODUCTS_DIR; };
		75FCF23020C92419000AB0B1 /* main.swift */ = {isa = PBXFileReference; lastKnownFileType = sourcecode.swift; path = main.swift; sourceTree = "<group>"; };
/* End PBXFileReference section */

/* Begin PBXFrameworksBuildPhase section */
		75FCF22A20C92419000AB0B1 /* Frameworks */ = {
			isa = PBXFrameworksBuildPhase;
			buildActionMask = 2147483647;
			files = (
			);
			runOnlyForDeploymentPostprocessing = 0;
		};
/* End PBXFrameworksBuildPhase section */

/* Begin PBXGroup section */
		7572FD3320C939B1008D77AD /* Extensions */ = {
			isa = PBXGroup;
			children = (
				7572FD3420C939D5008D77AD /* String+Path.swift */,
			);
			path = Extensions;
			sourceTree = "<group>";
		};
		7572FD3820C94D45008D77AD /* Core */ = {
			isa = PBXGroup;
			children = (
				7572FD3F20C96033008D77AD /* FileWalker */,
				7572FD3120C933F3008D77AD /* Linter.swift */,
			);
			path = Core;
			sourceTree = "<group>";
		};
		7572FD3920C94D71008D77AD /* Common */ = {
			isa = PBXGroup;
			children = (
				7572FD3320C939B1008D77AD /* Extensions */,
				7572FD3A20C94DA6008D77AD /* Collections */,
			);
			path = Common;
			sourceTree = "<group>";
		};
		7572FD3A20C94DA6008D77AD /* Collections */ = {
			isa = PBXGroup;
			children = (
				7572FD3620C94108008D77AD /* Stack.swift */,
			);
			path = Collections;
			sourceTree = "<group>";
		};
		7572FD3F20C96033008D77AD /* FileWalker */ = {
			isa = PBXGroup;
			children = (
				7572FD3B20C95E73008D77AD /* FileTreeWalker.swift */,
				7572FD3D20C95FB1008D77AD /* SwiftFileTreeWalker.swift */,
			);
			path = FileWalker;
			sourceTree = "<group>";
		};
		75FCF22420C92419000AB0B1 = {
			isa = PBXGroup;
			children = (
				75FCF22F20C92419000AB0B1 /* ifmo-swift-static-analyzer */,
				75FCF22E20C92419000AB0B1 /* Products */,
			);
			sourceTree = "<group>";
		};
		75FCF22E20C92419000AB0B1 /* Products */ = {
			isa = PBXGroup;
			children = (
				75FCF22D20C92419000AB0B1 /* ifmo-swift-static-analyzer */,
			);
			name = Products;
			sourceTree = "<group>";
		};
		75FCF22F20C92419000AB0B1 /* ifmo-swift-static-analyzer */ = {
			isa = PBXGroup;
			children = (
				75FCF23020C92419000AB0B1 /* main.swift */,
				7572FD3920C94D71008D77AD /* Common */,
				7572FD3820C94D45008D77AD /* Core */,
			);
			path = "ifmo-swift-static-analyzer";
			sourceTree = "<group>";
		};
/* End PBXGroup section */

/* Begin PBXNativeTarget section */
		75FCF22C20C92419000AB0B1 /* ifmo-swift-static-analyzer */ = {
			isa = PBXNativeTarget;
			buildConfigurationList = 75FCF23420C92419000AB0B1 /* Build configuration list for PBXNativeTarget "ifmo-swift-static-analyzer" */;
			buildPhases = (
				75FCF22920C92419000AB0B1 /* Sources */,
				75FCF22A20C92419000AB0B1 /* Frameworks */,
				75FCF22B20C92419000AB0B1 /* CopyFiles */,
			);
			buildRules = (
			);
			dependencies = (
			);
			name = "ifmo-swift-static-analyzer";
			productName = "ifmo-swift-static-analyzer";
			productReference = 75FCF22D20C92419000AB0B1 /* ifmo-swift-static-analyzer */;
			productType = "com.apple.product-type.tool";
		};
/* End PBXNativeTarget section */

/* Begin PBXProject section */
		75FCF22520C92419000AB0B1 /* Project object */ = {
			isa = PBXProject;
			attributes = {
				LastSwiftUpdateCheck = 1000;
				LastUpgradeCheck = 1000;
				ORGANIZATIONNAME = "Ivan Magda";
				TargetAttributes = {
					75FCF22C20C92419000AB0B1 = {
						CreatedOnToolsVersion = 10.0;
						LastSwiftMigration = 1000;
					};
				};
			};
			buildConfigurationList = 75FCF22820C92419000AB0B1 /* Build configuration list for PBXProject "ifmo-swift-static-analyzer" */;
			compatibilityVersion = "Xcode 9.3";
			developmentRegion = en;
			hasScannedForEncodings = 0;
			knownRegions = (
				en,
			);
			mainGroup = 75FCF22420C92419000AB0B1;
			productRefGroup = 75FCF22E20C92419000AB0B1 /* Products */;
			projectDirPath = "";
			projectRoot = "";
			targets = (
				75FCF22C20C92419000AB0B1 /* ifmo-swift-static-analyzer */,
			);
		};
/* End PBXProject section */

/* Begin PBXSourcesBuildPhase section */
		75FCF22920C92419000AB0B1 /* Sources */ = {
			isa = PBXSourcesBuildPhase;
			buildActionMask = 2147483647;
			files = (
				7572FD3C20C95E73008D77AD /* FileTreeWalker.swift in Sources */,
				7572FD3E20C95FB1008D77AD /* SwiftFileTreeWalker.swift in Sources */,
				7572FD3720C94108008D77AD /* Stack.swift in Sources */,
				7572FD3220C933F3008D77AD /* Linter.swift in Sources */,
				75FCF23120C92419000AB0B1 /* main.swift in Sources */,
				7572FD3520C939D5008D77AD /* String+Path.swift in Sources */,
			);
			runOnlyForDeploymentPostprocessing = 0;
		};
/* End PBXSourcesBuildPhase section */

/* Begin XCBuildConfiguration section */
		75FCF23220C92419000AB0B1 /* Debug */ = {
			isa = XCBuildConfiguration;
			buildSettings = {
				ALWAYS_SEARCH_USER_PATHS = NO;
				CLANG_ANALYZER_NONNULL = YES;
				CLANG_ANALYZER_NUMBER_OBJECT_CONVERSION = YES_AGGRESSIVE;
				CLANG_CXX_LANGUAGE_STANDARD = "gnu++14";
				CLANG_CXX_LIBRARY = "libc++";
				CLANG_ENABLE_MODULES = YES;
				CLANG_ENABLE_OBJC_ARC = YES;
				CLANG_ENABLE_OBJC_WEAK = YES;
				CLANG_WARN_BLOCK_CAPTURE_AUTORELEASING = YES;
				CLANG_WARN_BOOL_CONVERSION = YES;
				CLANG_WARN_COMMA = YES;
				CLANG_WARN_CONSTANT_CONVERSION = YES;
				CLANG_WARN_DEPRECATED_OBJC_IMPLEMENTATIONS = YES;
				CLANG_WARN_DIRECT_OBJC_ISA_USAGE = YES_ERROR;
				CLANG_WARN_DOCUMENTATION_COMMENTS = YES;
				CLANG_WARN_EMPTY_BODY = YES;
				CLANG_WARN_ENUM_CONVERSION = YES;
				CLANG_WARN_INFINITE_RECURSION = YES;
				CLANG_WARN_INT_CONVERSION = YES;
				CLANG_WARN_NON_LITERAL_NULL_CONVERSION = YES;
				CLANG_WARN_OBJC_IMPLICIT_RETAIN_SELF = YES;
				CLANG_WARN_OBJC_LITERAL_CONVERSION = YES;
				CLANG_WARN_OBJC_ROOT_CLASS = YES_ERROR;
				CLANG_WARN_RANGE_LOOP_ANALYSIS = YES;
				CLANG_WARN_STRICT_PROTOTYPES = YES;
				CLANG_WARN_SUSPICIOUS_MOVE = YES;
				CLANG_WARN_UNGUARDED_AVAILABILITY = YES_AGGRESSIVE;
				CLANG_WARN_UNREACHABLE_CODE = YES;
				CLANG_WARN__DUPLICATE_METHOD_MATCH = YES;
				CODE_SIGN_IDENTITY = "Mac Developer";
				COPY_PHASE_STRIP = NO;
				DEBUG_INFORMATION_FORMAT = dwarf;
				ENABLE_STRICT_OBJC_MSGSEND = YES;
				ENABLE_TESTABILITY = YES;
				GCC_C_LANGUAGE_STANDARD = gnu11;
				GCC_DYNAMIC_NO_PIC = NO;
				GCC_NO_COMMON_BLOCKS = YES;
				GCC_OPTIMIZATION_LEVEL = 0;
				GCC_PREPROCESSOR_DEFINITIONS = (
					"DEBUG=1",
					"$(inherited)",
				);
				GCC_WARN_64_TO_32_BIT_CONVERSION = YES;
				GCC_WARN_ABOUT_RETURN_TYPE = YES_ERROR;
				GCC_WARN_UNDECLARED_SELECTOR = YES;
				GCC_WARN_UNINITIALIZED_AUTOS = YES_AGGRESSIVE;
				GCC_WARN_UNUSED_FUNCTION = YES;
				GCC_WARN_UNUSED_VARIABLE = YES;
				MACOSX_DEPLOYMENT_TARGET = 10.13;
				MTL_ENABLE_DEBUG_INFO = INCLUDE_SOURCE;
				ONLY_ACTIVE_ARCH = YES;
				SDKROOT = macosx;
				SWIFT_ACTIVE_COMPILATION_CONDITIONS = DEBUG;
				SWIFT_OPTIMIZATION_LEVEL = "-Onone";
			};
			name = Debug;
		};
		75FCF23320C92419000AB0B1 /* Release */ = {
			isa = XCBuildConfiguration;
			buildSettings = {
				ALWAYS_SEARCH_USER_PATHS = NO;
				CLANG_ANALYZER_NONNULL = YES;
				CLANG_ANALYZER_NUMBER_OBJECT_CONVERSION = YES_AGGRESSIVE;
				CLANG_CXX_LANGUAGE_STANDARD = "gnu++14";
				CLANG_CXX_LIBRARY = "libc++";
				CLANG_ENABLE_MODULES = YES;
				CLANG_ENABLE_OBJC_ARC = YES;
				CLANG_ENABLE_OBJC_WEAK = YES;
				CLANG_WARN_BLOCK_CAPTURE_AUTORELEASING = YES;
				CLANG_WARN_BOOL_CONVERSION = YES;
				CLANG_WARN_COMMA = YES;
				CLANG_WARN_CONSTANT_CONVERSION = YES;
				CLANG_WARN_DEPRECATED_OBJC_IMPLEMENTATIONS = YES;
				CLANG_WARN_DIRECT_OBJC_ISA_USAGE = YES_ERROR;
				CLANG_WARN_DOCUMENTATION_COMMENTS = YES;
				CLANG_WARN_EMPTY_BODY = YES;
				CLANG_WARN_ENUM_CONVERSION = YES;
				CLANG_WARN_INFINITE_RECURSION = YES;
				CLANG_WARN_INT_CONVERSION = YES;
				CLANG_WARN_NON_LITERAL_NULL_CONVERSION = YES;
				CLANG_WARN_OBJC_IMPLICIT_RETAIN_SELF = YES;
				CLANG_WARN_OBJC_LITERAL_CONVERSION = YES;
				CLANG_WARN_OBJC_ROOT_CLASS = YES_ERROR;
				CLANG_WARN_RANGE_LOOP_ANALYSIS = YES;
				CLANG_WARN_STRICT_PROTOTYPES = YES;
				CLANG_WARN_SUSPICIOUS_MOVE = YES;
				CLANG_WARN_UNGUARDED_AVAILABILITY = YES_AGGRESSIVE;
				CLANG_WARN_UNREACHABLE_CODE = YES;
				CLANG_WARN__DUPLICATE_METHOD_MATCH = YES;
				CODE_SIGN_IDENTITY = "Mac Developer";
				COPY_PHASE_STRIP = NO;
				DEBUG_INFORMATION_FORMAT = "dwarf-with-dsym";
				ENABLE_NS_ASSERTIONS = NO;
				ENABLE_STRICT_OBJC_MSGSEND = YES;
				GCC_C_LANGUAGE_STANDARD = gnu11;
				GCC_NO_COMMON_BLOCKS = YES;
				GCC_WARN_64_TO_32_BIT_CONVERSION = YES;
				GCC_WARN_ABOUT_RETURN_TYPE = YES_ERROR;
				GCC_WARN_UNDECLARED_SELECTOR = YES;
				GCC_WARN_UNINITIALIZED_AUTOS = YES_AGGRESSIVE;
				GCC_WARN_UNUSED_FUNCTION = YES;
				GCC_WARN_UNUSED_VARIABLE = YES;
				MACOSX_DEPLOYMENT_TARGET = 10.13;
				MTL_ENABLE_DEBUG_INFO = NO;
				SDKROOT = macosx;
				SWIFT_COMPILATION_MODE = wholemodule;
				SWIFT_OPTIMIZATION_LEVEL = "-O";
			};
			name = Release;
		};
		75FCF23520C92419000AB0B1 /* Debug */ = {
			isa = XCBuildConfiguration;
			buildSettings = {
				CODE_SIGN_STYLE = Automatic;
				DEVELOPMENT_TEAM = 6UNHY8UY6E;
				PRODUCT_NAME = "$(TARGET_NAME)";
				SWIFT_VERSION = 4.2;
			};
			name = Debug;
		};
		75FCF23620C92419000AB0B1 /* Release */ = {
			isa = XCBuildConfiguration;
			buildSettings = {
				CODE_SIGN_STYLE = Automatic;
				DEVELOPMENT_TEAM = 6UNHY8UY6E;
				PRODUCT_NAME = "$(TARGET_NAME)";
				SWIFT_VERSION = 4.2;
			};
			name = Release;
		};
/* End XCBuildConfiguration section */

/* Begin XCConfigurationList section */
		75FCF22820C92419000AB0B1 /* Build configuration list for PBXProject "ifmo-swift-static-analyzer" */ = {
			isa = XCConfigurationList;
			buildConfigurations = (
				75FCF23220C92419000AB0B1 /* Debug */,
				75FCF23320C92419000AB0B1 /* Release */,
			);
			defaultConfigurationIsVisible = 0;
			defaultConfigurationName = Release;
		};
		75FCF23420C92419000AB0B1 /* Build configuration list for PBXNativeTarget "ifmo-swift-static-analyzer" */ = {
			isa = XCConfigurationList;
			buildConfigurations = (
				75FCF23520C92419000AB0B1 /* Debug */,
				75FCF23620C92419000AB0B1 /* Release */,
			);
			defaultConfigurationIsVisible = 0;
			defaultConfigurationName = Release;
		};
/* End XCConfigurationList section */
	};
	rootObject = 75FCF22520C92419000AB0B1 /* Project object */;
}
